
Microsoft Visual Studio Solution File, Format Version 12.00
# Visual Studio Version 17
VisualStudioVersion = 17.1.32421.90
MinimumVisualStudioVersion = 10.0.40219.1
Project("{9A19103F-16F7-4668-BE54-9A1E7A4F7556}") = "Game_service", "Game_service\Game_service.csproj", "{E81F6D6A-F430-4715-8E68-4B804FB2B35B}"
EndProject
Project("{9A19103F-16F7-4668-BE54-9A1E7A4F7556}") = "Server_service", "GameServer_service\Server_service.csproj", "{17F06C7B-0CCA-41D7-A212-D96741133912}"
EndProject
Project("{9A19103F-16F7-4668-BE54-9A1E7A4F7556}") = "Group_service", "Group_service\Group_service.csproj", "{EB4F5095-17FA-4ED8-9AD4-5FD0F60DD22D}"
EndProject
Project("{9A19103F-16F7-4668-BE54-9A1E7A4F7556}") = "News_service", "News_service\News_service.csproj", "{57663624-C4BA-45B8-889F-4D4774255E2A}"
EndProject
Project("{9A19103F-16F7-4668-BE54-9A1E7A4F7556}") = "User_service", "User_service\User_service.csproj", "{CC576D17-9B4B-4CE6-B677-C69C629EEE59}"
EndProject
Project("{9A19103F-16F7-4668-BE54-9A1E7A4F7556}") = "Idenity_service", "Idenity_service\Idenity_service.csproj", "{A81F25F1-AA1B-4F18-A34A-1ABB14ABB2BE}"
EndProject
Project("{2150E333-8FDC-42A3-9474-1A3956D46DE8}") = "Services", "Services", "{FF933546-6F6C-46E2-BBA5-924EADB86964}"
EndProject
Project("{2150E333-8FDC-42A3-9474-1A3956D46DE8}") = "UserServices", "UserServices", "{523E0B9D-3CE5-4981-A52B-34EC2641B34D}"
EndProject
Project("{2150E333-8FDC-42A3-9474-1A3956D46DE8}") = "GameServices", "GameServices", "{2B19504D-7C2E-4CB4-9428-545D02AD7C11}"
EndProject
Project("{2150E333-8FDC-42A3-9474-1A3956D46DE8}") = "ContentServices", "ContentServices", "{852EEC49-6BEE-4302-B68C-D03FCAC75DA6}"
EndProject
Project("{9A19103F-16F7-4668-BE54-9A1E7A4F7556}") = "Forum_service", "Forum_service\Forum_service.csproj", "{3B27CACA-BBCD-4FE8-9815-7F609E0355DB}"
EndProject
Project("{9A19103F-16F7-4668-BE54-9A1E7A4F7556}") = "GameShop_service", "GameShop_service\GameShop_service.csproj", "{F843AFD6-EE7C-476D-8020-BCDB74DAC487}"
EndProject
Project("{9A19103F-16F7-4668-BE54-9A1E7A4F7556}") = "GSCP_service", "GSCP_service\GSCP_service.csproj", "{0BEEEEE2-6913-41B3-AE1F-D38AE57A8C81}"
EndProject
Project("{9A19103F-16F7-4668-BE54-9A1E7A4F7556}") = "GPF_service", "GPF_service\GPF_service.csproj", "{8B9D2A0F-6D41-472A-A0B2-9A1BF162219A}"
EndProject
Project("{9A19103F-16F7-4668-BE54-9A1E7A4F7556}") = "Wiki_service", "Wiki_service\Wiki_service.csproj", "{8B3DAF4F-D9F6-4FAF-9898-8367279E8B10}"
EndProject
Project("{9A19103F-16F7-4668-BE54-9A1E7A4F7556}") = "Relationship_service", "Relationship_service\Relationship_service.csproj", "{2C5B8A42-4B10-4FCB-84A5-D36ABEC8501C}"
EndProject
Global
	GlobalSection(SolutionConfigurationPlatforms) = preSolution
		Debug|Any CPU = Debug|Any CPU
		Release|Any CPU = Release|Any CPU
	EndGlobalSection
	GlobalSection(ProjectConfigurationPlatforms) = postSolution
		{E81F6D6A-F430-4715-8E68-4B804FB2B35B}.Debug|Any CPU.ActiveCfg = Debug|Any CPU
		{E81F6D6A-F430-4715-8E68-4B804FB2B35B}.Debug|Any CPU.Build.0 = Debug|Any CPU
		{E81F6D6A-F430-4715-8E68-4B804FB2B35B}.Release|Any CPU.ActiveCfg = Release|Any CPU
		{E81F6D6A-F430-4715-8E68-4B804FB2B35B}.Release|Any CPU.Build.0 = Release|Any CPU
		{17F06C7B-0CCA-41D7-A212-D96741133912}.Debug|Any CPU.ActiveCfg = Debug|Any CPU
		{17F06C7B-0CCA-41D7-A212-D96741133912}.Debug|Any CPU.Build.0 = Debug|Any CPU
		{17F06C7B-0CCA-41D7-A212-D96741133912}.Release|Any CPU.ActiveCfg = Release|Any CPU
		{17F06C7B-0CCA-41D7-A212-D96741133912}.Release|Any CPU.Build.0 = Release|Any CPU
		{EB4F5095-17FA-4ED8-9AD4-5FD0F60DD22D}.Debug|Any CPU.ActiveCfg = Debug|Any CPU
		{EB4F5095-17FA-4ED8-9AD4-5FD0F60DD22D}.Debug|Any CPU.Build.0 = Debug|Any CPU
		{EB4F5095-17FA-4ED8-9AD4-5FD0F60DD22D}.Release|Any CPU.ActiveCfg = Release|Any CPU
		{EB4F5095-17FA-4ED8-9AD4-5FD0F60DD22D}.Release|Any CPU.Build.0 = Release|Any CPU
		{57663624-C4BA-45B8-889F-4D4774255E2A}.Debug|Any CPU.ActiveCfg = Debug|Any CPU
		{57663624-C4BA-45B8-889F-4D4774255E2A}.Debug|Any CPU.Build.0 = Debug|Any CPU
		{57663624-C4BA-45B8-889F-4D4774255E2A}.Release|Any CPU.ActiveCfg = Release|Any CPU
		{57663624-C4BA-45B8-889F-4D4774255E2A}.Release|Any CPU.Build.0 = Release|Any CPU
		{CC576D17-9B4B-4CE6-B677-C69C629EEE59}.Debug|Any CPU.ActiveCfg = Debug|Any CPU
		{CC576D17-9B4B-4CE6-B677-C69C629EEE59}.Debug|Any CPU.Build.0 = Debug|Any CPU
		{CC576D17-9B4B-4CE6-B677-C69C629EEE59}.Release|Any CPU.ActiveCfg = Release|Any CPU
		{CC576D17-9B4B-4CE6-B677-C69C629EEE59}.Release|Any CPU.Build.0 = Release|Any CPU
		{A81F25F1-AA1B-4F18-A34A-1ABB14ABB2BE}.Debug|Any CPU.ActiveCfg = Debug|Any CPU
		{A81F25F1-AA1B-4F18-A34A-1ABB14ABB2BE}.Debug|Any CPU.Build.0 = Debug|Any CPU
		{A81F25F1-AA1B-4F18-A34A-1ABB14ABB2BE}.Release|Any CPU.ActiveCfg = Release|Any CPU
		{A81F25F1-AA1B-4F18-A34A-1ABB14ABB2BE}.Release|Any CPU.Build.0 = Release|Any CPU
		{3B27CACA-BBCD-4FE8-9815-7F609E0355DB}.Debug|Any CPU.ActiveCfg = Debug|Any CPU
		{3B27CACA-BBCD-4FE8-9815-7F609E0355DB}.Debug|Any CPU.Build.0 = Debug|Any CPU
		{3B27CACA-BBCD-4FE8-9815-7F609E0355DB}.Release|Any CPU.ActiveCfg = Release|Any CPU
		{3B27CACA-BBCD-4FE8-9815-7F609E0355DB}.Release|Any CPU.Build.0 = Release|Any CPU
		{F843AFD6-EE7C-476D-8020-BCDB74DAC487}.Debug|Any CPU.ActiveCfg = Debug|Any CPU
		{F843AFD6-EE7C-476D-8020-BCDB74DAC487}.Debug|Any CPU.Build.0 = Debug|Any CPU
		{F843AFD6-EE7C-476D-8020-BCDB74DAC487}.Release|Any CPU.ActiveCfg = Release|Any CPU
		{F843AFD6-EE7C-476D-8020-BCDB74DAC487}.Release|Any CPU.Build.0 = Release|Any CPU
		{0BEEEEE2-6913-41B3-AE1F-D38AE57A8C81}.Debug|Any CPU.ActiveCfg = Debug|Any CPU
		{0BEEEEE2-6913-41B3-AE1F-D38AE57A8C81}.Debug|Any CPU.Build.0 = Debug|Any CPU
		{0BEEEEE2-6913-41B3-AE1F-D38AE57A8C81}.Release|Any CPU.ActiveCfg = Release|Any CPU
		{0BEEEEE2-6913-41B3-AE1F-D38AE57A8C81}.Release|Any CPU.Build.0 = Release|Any CPU
		{8B9D2A0F-6D41-472A-A0B2-9A1BF162219A}.Debug|Any CPU.ActiveCfg = Debug|Any CPU
		{8B9D2A0F-6D41-472A-A0B2-9A1BF162219A}.Debug|Any CPU.Build.0 = Debug|Any CPU
		{8B9D2A0F-6D41-472A-A0B2-9A1BF162219A}.Release|Any CPU.ActiveCfg = Release|Any CPU
		{8B9D2A0F-6D41-472A-A0B2-9A1BF162219A}.Release|Any CPU.Build.0 = Release|Any CPU
		{8B3DAF4F-D9F6-4FAF-9898-8367279E8B10}.Debug|Any CPU.ActiveCfg = Debug|Any CPU
		{8B3DAF4F-D9F6-4FAF-9898-8367279E8B10}.Debug|Any CPU.Build.0 = Debug|Any CPU
		{8B3DAF4F-D9F6-4FAF-9898-8367279E8B10}.Release|Any CPU.ActiveCfg = Release|Any CPU
		{8B3DAF4F-D9F6-4FAF-9898-8367279E8B10}.Release|Any CPU.Build.0 = Release|Any CPU
		{2C5B8A42-4B10-4FCB-84A5-D36ABEC8501C}.Debug|Any CPU.ActiveCfg = Debug|Any CPU
		{2C5B8A42-4B10-4FCB-84A5-D36ABEC8501C}.Debug|Any CPU.Build.0 = Debug|Any CPU
		{2C5B8A42-4B10-4FCB-84A5-D36ABEC8501C}.Release|Any CPU.ActiveCfg = Release|Any CPU
		{2C5B8A42-4B10-4FCB-84A5-D36ABEC8501C}.Release|Any CPU.Build.0 = Release|Any CPU
	EndGlobalSection
	GlobalSection(SolutionProperties) = preSolution
		HideSolutionNode = FALSE
	EndGlobalSection
	GlobalSection(NestedProjects) = preSolution
		{E81F6D6A-F430-4715-8E68-4B804FB2B35B} = {2B19504D-7C2E-4CB4-9428-545D02AD7C11}
		{17F06C7B-0CCA-41D7-A212-D96741133912} = {2B19504D-7C2E-4CB4-9428-545D02AD7C11}
		{EB4F5095-17FA-4ED8-9AD4-5FD0F60DD22D} = {852EEC49-6BEE-4302-B68C-D03FCAC75DA6}
		{57663624-C4BA-45B8-889F-4D4774255E2A} = {852EEC49-6BEE-4302-B68C-D03FCAC75DA6}
		{CC576D17-9B4B-4CE6-B677-C69C629EEE59} = {523E0B9D-3CE5-4981-A52B-34EC2641B34D}
		{A81F25F1-AA1B-4F18-A34A-1ABB14ABB2BE} = {523E0B9D-3CE5-4981-A52B-34EC2641B34D}
		{3B27CACA-BBCD-4FE8-9815-7F609E0355DB} = {852EEC49-6BEE-4302-B68C-D03FCAC75DA6}
		{F843AFD6-EE7C-476D-8020-BCDB74DAC487} = {2B19504D-7C2E-4CB4-9428-545D02AD7C11}
		{0BEEEEE2-6913-41B3-AE1F-D38AE57A8C81} = {2B19504D-7C2E-4CB4-9428-545D02AD7C11}
		{8B9D2A0F-6D41-472A-A0B2-9A1BF162219A} = {2B19504D-7C2E-4CB4-9428-545D02AD7C11}
		{8B3DAF4F-D9F6-4FAF-9898-8367279E8B10} = {2B19504D-7C2E-4CB4-9428-545D02AD7C11}
		{2C5B8A42-4B10-4FCB-84A5-D36ABEC8501C} = {FF933546-6F6C-46E2-BBA5-924EADB86964}
	EndGlobalSection
	GlobalSection(ExtensibilityGlobals) = postSolution
		SolutionGuid = {725F0B27-6DA7-43C0-A45D-707881746939}
	EndGlobalSection
EndGlobal
